
Microsoft Visual Studio Solution File, Format Version 12.00
# Visual Studio Version 17
VisualStudioVersion = 17.0.32126.317
MinimumVisualStudioVersion = 10.0.40219.1
Project("{FAE04EC0-301F-11D3-BF4B-00C04F79EFBC}") = "GitHubIssueDemo", "GitHubIssueDemo\GitHubIssueDemo.csproj", "{02459062-6102-47D6-9DC4-C7FFFEB7243A}"
EndProject
Global
	GlobalSection(SolutionConfigurationPlatforms) = preSolution
		Debug|Any CPU = Debug|Any CPU
		Release|Any CPU = Release|Any CPU
	EndGlobalSection
	GlobalSection(ProjectConfigurationPlatforms) = postSolution
		{02459062-6102-47D6-9DC4-C7FFFEB7243A}.Debug|Any CPU.ActiveCfg = Debug|Any CPU
		{02459062-6102-47D6-9DC4-C7FFFEB7243A}.Debug|Any CPU.Build.0 = Debug|Any CPU
		{02459062-6102-47D6-9DC4-C7FFFEB7243A}.Release|Any CPU.ActiveCfg = Release|Any CPU
		{02459062-6102-47D6-9DC4-C7FFFEB7243A}.Release|Any CPU.Build.0 = Release|Any CPU
	EndGlobalSection
	GlobalSection(SolutionProperties) = preSolution
		HideSolutionNode = FALSE
	EndGlobalSection
	GlobalSection(ExtensibilityGlobals) = postSolution
		SolutionGuid = {04CD3E5B-1EBC-4D6D-984C-19844F38BA1E}
	EndGlobalSection
EndGlobal
